
Microsoft Visual Studio Solution File, Format Version 12.00
Project("{FAE04EC0-301F-11D3-BF4B-00C04F79EFBC}") = "WebApplication3", "WebApplication3\WebApplication3.csproj", "{FC8A4263-EE6E-44F8-A125-12DD0C59609B}"
EndProject
Global
	GlobalSection(SolutionConfigurationPlatforms) = preSolution
		Debug|Any CPU = Debug|Any CPU
		Release|Any CPU = Release|Any CPU
	EndGlobalSection
	GlobalSection(ProjectConfigurationPlatforms) = postSolution
		{FC8A4263-EE6E-44F8-A125-12DD0C59609B}.Debug|Any CPU.ActiveCfg = Debug|Any CPU
		{FC8A4263-EE6E-44F8-A125-12DD0C59609B}.Debug|Any CPU.Build.0 = Debug|Any CPU
		{FC8A4263-EE6E-44F8-A125-12DD0C59609B}.Release|Any CPU.ActiveCfg = Release|Any CPU
		{FC8A4263-EE6E-44F8-A125-12DD0C59609B}.Release|Any CPU.Build.0 = Release|Any CPU
	EndGlobalSection
EndGlobal
